
Microsoft Visual Studio Solution File, Format Version 12.00
# Visual Studio 15
Project("{FAE04EC0-301F-11D3-BF4B-00C04F79EFBC}") = "color_sort", "color_sort\color_sort.csproj", "{5A6E3111-8D7F-43E4-A9DA-F65D0F869A3E}"
EndProject
Global
	GlobalSection(SolutionConfigurationPlatforms) = preSolution
		Debug|anycpu = Debug|anycpu
		Release|anycpu = Release|anycpu
	EndGlobalSection
	GlobalSection(ProjectConfigurationPlatforms) = postSolution
		{5A6E3111-8D7F-43E4-A9DA-F65D0F869A3E}.Debug|anycpu.ActiveCfg = Debug|anycpu
		{5A6E3111-8D7F-43E4-A9DA-F65D0F869A3E}.Debug|anycpu.Build.0 = Debug|anycpu
		{5A6E3111-8D7F-43E4-A9DA-F65D0F869A3E}.Release|anycpu.ActiveCfg = Release|anycpu
		{5A6E3111-8D7F-43E4-A9DA-F65D0F869A3E}.Release|anycpu.Build.0 = Release|anycpu
	EndGlobalSection
EndGlobal
